
Microsoft Visual Studio Solution File, Format Version 12.00
# Visual Studio Version 16
VisualStudioVersion = 16.0.31129.286
MinimumVisualStudioVersion = 10.0.40219.1
Project("{FAE04EC0-301F-11D3-BF4B-00C04F79EFBC}") = "InsuranceClaim", "InsuranceClaim\InsuranceClaim.csproj", "{44AA2E81-4EEC-4254-AD1F-84740412BA1D}"
EndProject
Global
	GlobalSection(SolutionConfigurationPlatforms) = preSolution
		Debug|Any CPU = Debug|Any CPU
		Release|Any CPU = Release|Any CPU
	EndGlobalSection
	GlobalSection(ProjectConfigurationPlatforms) = postSolution
		{44AA2E81-4EEC-4254-AD1F-84740412BA1D}.Debug|Any CPU.ActiveCfg = Debug|Any CPU
		{44AA2E81-4EEC-4254-AD1F-84740412BA1D}.Debug|Any CPU.Build.0 = Debug|Any CPU
		{44AA2E81-4EEC-4254-AD1F-84740412BA1D}.Release|Any CPU.ActiveCfg = Release|Any CPU
		{44AA2E81-4EEC-4254-AD1F-84740412BA1D}.Release|Any CPU.Build.0 = Release|Any CPU
	EndGlobalSection
	GlobalSection(SolutionProperties) = preSolution
		HideSolutionNode = FALSE
	EndGlobalSection
	GlobalSection(ExtensibilityGlobals) = postSolution
		SolutionGuid = {EE96FEAD-6E18-42C3-A179-3A793ACAA7AD}
	EndGlobalSection
EndGlobal
